// !$*UTF8*$!
{
	archiveVersion = 1;
	classes = {
	};
	objectVersion = 56;
	objects = {

/* Begin PBXBuildFile section */
		1786070F806D568F5E7DD185 /* Pods_baraj24Tests.framework in Frameworks */ = {isa = PBXBuildFile; fileRef = B9A090E4605FB3EDA41470A3 /* Pods_baraj24Tests.framework */; };
		1D2917E42B89C7A300C5E4FE /* PickCityVC.swift in Sources */ = {isa = PBXBuildFile; fileRef = 1D2917E32B89C7A300C5E4FE /* PickCityVC.swift */; };
		1D2917E62B89D29900C5E4FE /* DetailsVC.swift in Sources */ = {isa = PBXBuildFile; fileRef = 1D2917E52B89D29900C5E4FE /* DetailsVC.swift */; };
		1D2917E92B89E47E00C5E4FE /* EALabel.swift in Sources */ = {isa = PBXBuildFile; fileRef = 1D2917E82B89E47E00C5E4FE /* EALabel.swift */; };
		1D2917EB2B89E6D400C5E4FE /* EATitle.swift in Sources */ = {isa = PBXBuildFile; fileRef = 1D2917EA2B89E6D400C5E4FE /* EATitle.swift */; };
		1D2917EE2B89F21900C5E4FE /* UIViewController+Ext.swift in Sources */ = {isa = PBXBuildFile; fileRef = 1D2917ED2B89F21900C5E4FE /* UIViewController+Ext.swift */; };
		1D2917F02B8A260700C5E4FE /* DamVC.swift in Sources */ = {isa = PBXBuildFile; fileRef = 1D2917EF2B8A260700C5E4FE /* DamVC.swift */; };
		1D4EDFBA2B7CF38500451EB1 /* Baraj.swift in Sources */ = {isa = PBXBuildFile; fileRef = 1D4EDFB92B7CF38500451EB1 /* Baraj.swift */; };
		1D63EB4C2A9A970F00C953A2 /* testViewController.swift in Sources */ = {isa = PBXBuildFile; fileRef = 1D63EB4B2A9A970F00C953A2 /* testViewController.swift */; };
		1D6F41C02A81108800055D87 /* AppDelegate.swift in Sources */ = {isa = PBXBuildFile; fileRef = 1D6F41BF2A81108800055D87 /* AppDelegate.swift */; };
		1D6F41C22A81108800055D87 /* SceneDelegate.swift in Sources */ = {isa = PBXBuildFile; fileRef = 1D6F41C12A81108800055D87 /* SceneDelegate.swift */; };
		1D6F41C42A81108800055D87 /* ViewController.swift in Sources */ = {isa = PBXBuildFile; fileRef = 1D6F41C32A81108800055D87 /* ViewController.swift */; };
		1D6F41C72A81108800055D87 /* Main.storyboard in Resources */ = {isa = PBXBuildFile; fileRef = 1D6F41C52A81108800055D87 /* Main.storyboard */; };
		1D6F41CA2A81108800055D87 /* baraj24.xcdatamodeld in Sources */ = {isa = PBXBuildFile; fileRef = 1D6F41C82A81108800055D87 /* baraj24.xcdatamodeld */; };
		1D6F41CC2A81108900055D87 /* Assets.xcassets in Resources */ = {isa = PBXBuildFile; fileRef = 1D6F41CB2A81108900055D87 /* Assets.xcassets */; };
		1D6F41CF2A81108900055D87 /* LaunchScreen.storyboard in Resources */ = {isa = PBXBuildFile; fileRef = 1D6F41CD2A81108900055D87 /* LaunchScreen.storyboard */; };
		1D6F41DA2A81108900055D87 /* baraj24Tests.swift in Sources */ = {isa = PBXBuildFile; fileRef = 1D6F41D92A81108900055D87 /* baraj24Tests.swift */; };
		1D6F41E42A81108900055D87 /* baraj24UITests.swift in Sources */ = {isa = PBXBuildFile; fileRef = 1D6F41E32A81108900055D87 /* baraj24UITests.swift */; };
		1D6F41E62A81108900055D87 /* baraj24UITestsLaunchTests.swift in Sources */ = {isa = PBXBuildFile; fileRef = 1D6F41E52A81108900055D87 /* baraj24UITestsLaunchTests.swift */; };
		1D6F41F32A81121A00055D87 /* cityPickVC.swift in Sources */ = {isa = PBXBuildFile; fileRef = 1D6F41F22A81121900055D87 /* cityPickVC.swift */; };
		1D781DF82A92A6EF00912EF4 /* ChartsViewController.swift in Sources */ = {isa = PBXBuildFile; fileRef = 1D781DF72A92A6EF00912EF4 /* ChartsViewController.swift */; };
		1D9D7D9E2B861B96006A1DD8 /* FirebaseDatabase in Frameworks */ = {isa = PBXBuildFile; productRef = 1D9D7D9D2B861B96006A1DD8 /* FirebaseDatabase */; };
		1D9D7DA02B861B96006A1DD8 /* FirebaseDatabaseSwift in Frameworks */ = {isa = PBXBuildFile; productRef = 1D9D7D9F2B861B96006A1DD8 /* FirebaseDatabaseSwift */; };
		1D9D7DA22B861B96006A1DD8 /* FirebaseFirestore in Frameworks */ = {isa = PBXBuildFile; productRef = 1D9D7DA12B861B96006A1DD8 /* FirebaseFirestore */; };
		1D9D7DA42B861B96006A1DD8 /* FirebaseFirestoreCombine-Community in Frameworks */ = {isa = PBXBuildFile; productRef = 1D9D7DA32B861B96006A1DD8 /* FirebaseFirestoreCombine-Community */; };
		1D9D7DA62B861B96006A1DD8 /* FirebaseFirestoreSwift in Frameworks */ = {isa = PBXBuildFile; productRef = 1D9D7DA52B861B96006A1DD8 /* FirebaseFirestoreSwift */; };
		1D9D7DAA2B861E28006A1DD8 /* GoogleService-Info.plist in Resources */ = {isa = PBXBuildFile; fileRef = 1D9D7DA92B861E27006A1DD8 /* GoogleService-Info.plist */; };
		1DB0998F2A8D3981007AFA30 /* MapsViewController.swift in Sources */ = {isa = PBXBuildFile; fileRef = 1DB0998E2A8D3981007AFA30 /* MapsViewController.swift */; };
		1DE29B912B876A0600A1993E /* OldData.swift in Sources */ = {isa = PBXBuildFile; fileRef = 1DE29B902B876A0600A1993E /* OldData.swift */; };
		448E4D4E69FF3885386DEDBF /* Pods_baraj24.framework in Frameworks */ = {isa = PBXBuildFile; fileRef = EA978E0ABA66FD9DDF227FBF /* Pods_baraj24.framework */; };
		EE44814477097F09840EB3C4 /* Pods_baraj24_baraj24UITests.framework in Frameworks */ = {isa = PBXBuildFile; fileRef = 3CE185D26BDB343FC34D89B1 /* Pods_baraj24_baraj24UITests.framework */; };
/* End PBXBuildFile section */

/* Begin PBXContainerItemProxy section */
		1D6F41D62A81108900055D87 /* PBXContainerItemProxy */ = {
			isa = PBXContainerItemProxy;
			containerPortal = 1D6F41B42A81108700055D87 /* Project object */;
			proxyType = 1;
			remoteGlobalIDString = 1D6F41BB2A81108700055D87;
			remoteInfo = baraj24;
		};
		1D6F41E02A81108900055D87 /* PBXContainerItemProxy */ = {
			isa = PBXContainerItemProxy;
			containerPortal = 1D6F41B42A81108700055D87 /* Project object */;
			proxyType = 1;
			remoteGlobalIDString = 1D6F41BB2A81108700055D87;
			remoteInfo = baraj24;
		};
/* End PBXContainerItemProxy section */

/* Begin PBXFileReference section */
		1D2917E32B89C7A300C5E4FE /* PickCityVC.swift */ = {isa = PBXFileReference; lastKnownFileType = sourcecode.swift; path = PickCityVC.swift; sourceTree = "<group>"; };
		1D2917E52B89D29900C5E4FE /* DetailsVC.swift */ = {isa = PBXFileReference; lastKnownFileType = sourcecode.swift; path = DetailsVC.swift; sourceTree = "<group>"; };
		1D2917E82B89E47E00C5E4FE /* EALabel.swift */ = {isa = PBXFileReference; lastKnownFileType = sourcecode.swift; path = EALabel.swift; sourceTree = "<group>"; };
		1D2917EA2B89E6D400C5E4FE /* EATitle.swift */ = {isa = PBXFileReference; lastKnownFileType = sourcecode.swift; path = EATitle.swift; sourceTree = "<group>"; };
		1D2917ED2B89F21900C5E4FE /* UIViewController+Ext.swift */ = {isa = PBXFileReference; lastKnownFileType = sourcecode.swift; path = "UIViewController+Ext.swift"; sourceTree = "<group>"; };
		1D2917EF2B8A260700C5E4FE /* DamVC.swift */ = {isa = PBXFileReference; lastKnownFileType = sourcecode.swift; path = DamVC.swift; sourceTree = "<group>"; };
		1D4EDFB92B7CF38500451EB1 /* Baraj.swift */ = {isa = PBXFileReference; lastKnownFileType = sourcecode.swift; path = Baraj.swift; sourceTree = "<group>"; };
		1D63EB4B2A9A970F00C953A2 /* testViewController.swift */ = {isa = PBXFileReference; lastKnownFileType = sourcecode.swift; path = testViewController.swift; sourceTree = "<group>"; };
		1D6F41BC2A81108800055D87 /* baraj24.app */ = {isa = PBXFileReference; explicitFileType = wrapper.application; includeInIndex = 0; path = baraj24.app; sourceTree = BUILT_PRODUCTS_DIR; };
		1D6F41BF2A81108800055D87 /* AppDelegate.swift */ = {isa = PBXFileReference; lastKnownFileType = sourcecode.swift; path = AppDelegate.swift; sourceTree = "<group>"; };
		1D6F41C12A81108800055D87 /* SceneDelegate.swift */ = {isa = PBXFileReference; lastKnownFileType = sourcecode.swift; path = SceneDelegate.swift; sourceTree = "<group>"; };
		1D6F41C32A81108800055D87 /* ViewController.swift */ = {isa = PBXFileReference; lastKnownFileType = sourcecode.swift; path = ViewController.swift; sourceTree = "<group>"; };
		1D6F41C62A81108800055D87 /* Base */ = {isa = PBXFileReference; lastKnownFileType = file.storyboard; name = Base; path = Base.lproj/Main.storyboard; sourceTree = "<group>"; };
		1D6F41C92A81108800055D87 /* baraj24.xcdatamodel */ = {isa = PBXFileReference; lastKnownFileType = wrapper.xcdatamodel; path = baraj24.xcdatamodel; sourceTree = "<group>"; };
		1D6F41CB2A81108900055D87 /* Assets.xcassets */ = {isa = PBXFileReference; lastKnownFileType = folder.assetcatalog; path = Assets.xcassets; sourceTree = "<group>"; };
		1D6F41CE2A81108900055D87 /* Base */ = {isa = PBXFileReference; lastKnownFileType = file.storyboard; name = Base; path = Base.lproj/LaunchScreen.storyboard; sourceTree = "<group>"; };
		1D6F41D02A81108900055D87 /* Info.plist */ = {isa = PBXFileReference; lastKnownFileType = text.plist.xml; path = Info.plist; sourceTree = "<group>"; };
		1D6F41D52A81108900055D87 /* baraj24Tests.xctest */ = {isa = PBXFileReference; explicitFileType = wrapper.cfbundle; includeInIndex = 0; path = baraj24Tests.xctest; sourceTree = BUILT_PRODUCTS_DIR; };
		1D6F41D92A81108900055D87 /* baraj24Tests.swift */ = {isa = PBXFileReference; lastKnownFileType = sourcecode.swift; path = baraj24Tests.swift; sourceTree = "<group>"; };
		1D6F41DF2A81108900055D87 /* baraj24UITests.xctest */ = {isa = PBXFileReference; explicitFileType = wrapper.cfbundle; includeInIndex = 0; path = baraj24UITests.xctest; sourceTree = BUILT_PRODUCTS_DIR; };
		1D6F41E32A81108900055D87 /* baraj24UITests.swift */ = {isa = PBXFileReference; lastKnownFileType = sourcecode.swift; path = baraj24UITests.swift; sourceTree = "<group>"; };
		1D6F41E52A81108900055D87 /* baraj24UITestsLaunchTests.swift */ = {isa = PBXFileReference; lastKnownFileType = sourcecode.swift; path = baraj24UITestsLaunchTests.swift; sourceTree = "<group>"; };
		1D6F41F22A81121900055D87 /* cityPickVC.swift */ = {isa = PBXFileReference; lastKnownFileType = sourcecode.swift; path = cityPickVC.swift; sourceTree = "<group>"; };
		1D781DF72A92A6EF00912EF4 /* ChartsViewController.swift */ = {isa = PBXFileReference; lastKnownFileType = sourcecode.swift; path = ChartsViewController.swift; sourceTree = "<group>"; };
		1D9D7DA92B861E27006A1DD8 /* GoogleService-Info.plist */ = {isa = PBXFileReference; fileEncoding = 4; lastKnownFileType = text.plist.xml; name = "GoogleService-Info.plist"; path = "../../../GoogleService-Info.plist"; sourceTree = "<group>"; };
		1DB0998E2A8D3981007AFA30 /* MapsViewController.swift */ = {isa = PBXFileReference; lastKnownFileType = sourcecode.swift; path = MapsViewController.swift; sourceTree = "<group>"; };
		1DE29B902B876A0600A1993E /* OldData.swift */ = {isa = PBXFileReference; lastKnownFileType = sourcecode.swift; path = OldData.swift; sourceTree = "<group>"; };
		3CE185D26BDB343FC34D89B1 /* Pods_baraj24_baraj24UITests.framework */ = {isa = PBXFileReference; explicitFileType = wrapper.framework; includeInIndex = 0; path = Pods_baraj24_baraj24UITests.framework; sourceTree = BUILT_PRODUCTS_DIR; };
		70D7B3D3467F60D5670CB0A4 /* Pods-baraj24Tests.release.xcconfig */ = {isa = PBXFileReference; includeInIndex = 1; lastKnownFileType = text.xcconfig; name = "Pods-baraj24Tests.release.xcconfig"; path = "Target Support Files/Pods-baraj24Tests/Pods-baraj24Tests.release.xcconfig"; sourceTree = "<group>"; };
		86F87F4E9A35E257599C7483 /* Pods-baraj24-baraj24UITests.debug.xcconfig */ = {isa = PBXFileReference; includeInIndex = 1; lastKnownFileType = text.xcconfig; name = "Pods-baraj24-baraj24UITests.debug.xcconfig"; path = "Target Support Files/Pods-baraj24-baraj24UITests/Pods-baraj24-baraj24UITests.debug.xcconfig"; sourceTree = "<group>"; };
		AE624747D2A273E93E5D863F /* Pods-baraj24.release.xcconfig */ = {isa = PBXFileReference; includeInIndex = 1; lastKnownFileType = text.xcconfig; name = "Pods-baraj24.release.xcconfig"; path = "Target Support Files/Pods-baraj24/Pods-baraj24.release.xcconfig"; sourceTree = "<group>"; };
		B9A090E4605FB3EDA41470A3 /* Pods_baraj24Tests.framework */ = {isa = PBXFileReference; explicitFileType = wrapper.framework; includeInIndex = 0; path = Pods_baraj24Tests.framework; sourceTree = BUILT_PRODUCTS_DIR; };
		CCCF8EAAC062659231B14B05 /* Pods-baraj24-baraj24UITests.release.xcconfig */ = {isa = PBXFileReference; includeInIndex = 1; lastKnownFileType = text.xcconfig; name = "Pods-baraj24-baraj24UITests.release.xcconfig"; path = "Target Support Files/Pods-baraj24-baraj24UITests/Pods-baraj24-baraj24UITests.release.xcconfig"; sourceTree = "<group>"; };
		CE28B7F575FF375DD585B559 /* Pods-baraj24.debug.xcconfig */ = {isa = PBXFileReference; includeInIndex = 1; lastKnownFileType = text.xcconfig; name = "Pods-baraj24.debug.xcconfig"; path = "Target Support Files/Pods-baraj24/Pods-baraj24.debug.xcconfig"; sourceTree = "<group>"; };
		D3A6D212E292B841469918D6 /* Pods-baraj24Tests.debug.xcconfig */ = {isa = PBXFileReference; includeInIndex = 1; lastKnownFileType = text.xcconfig; name = "Pods-baraj24Tests.debug.xcconfig"; path = "Target Support Files/Pods-baraj24Tests/Pods-baraj24Tests.debug.xcconfig"; sourceTree = "<group>"; };
		EA978E0ABA66FD9DDF227FBF /* Pods_baraj24.framework */ = {isa = PBXFileReference; explicitFileType = wrapper.framework; includeInIndex = 0; path = Pods_baraj24.framework; sourceTree = BUILT_PRODUCTS_DIR; };
/* End PBXFileReference section */

/* Begin PBXFrameworksBuildPhase section */
		1D6F41B92A81108700055D87 /* Frameworks */ = {
			isa = PBXFrameworksBuildPhase;
			buildActionMask = 2147483647;
			files = (
				1D9D7DA02B861B96006A1DD8 /* FirebaseDatabaseSwift in Frameworks */,
				1D9D7DA22B861B96006A1DD8 /* FirebaseFirestore in Frameworks */,
				1D9D7D9E2B861B96006A1DD8 /* FirebaseDatabase in Frameworks */,
				1D9D7DA42B861B96006A1DD8 /* FirebaseFirestoreCombine-Community in Frameworks */,
				448E4D4E69FF3885386DEDBF /* Pods_baraj24.framework in Frameworks */,
				1D9D7DA62B861B96006A1DD8 /* FirebaseFirestoreSwift in Frameworks */,
			);
			runOnlyForDeploymentPostprocessing = 0;
		};
		1D6F41D22A81108900055D87 /* Frameworks */ = {
			isa = PBXFrameworksBuildPhase;
			buildActionMask = 2147483647;
			files = (
				1786070F806D568F5E7DD185 /* Pods_baraj24Tests.framework in Frameworks */,
			);
			runOnlyForDeploymentPostprocessing = 0;
		};
		1D6F41DC2A81108900055D87 /* Frameworks */ = {
			isa = PBXFrameworksBuildPhase;
			buildActionMask = 2147483647;
			files = (
				EE44814477097F09840EB3C4 /* Pods_baraj24_baraj24UITests.framework in Frameworks */,
			);
			runOnlyForDeploymentPostprocessing = 0;
		};
/* End PBXFrameworksBuildPhase section */

/* Begin PBXGroup section */
		1D2917E12B89C6BB00C5E4FE /* Controller */ = {
			isa = PBXGroup;
			children = (
				1D2917E32B89C7A300C5E4FE /* PickCityVC.swift */,
				1D2917E52B89D29900C5E4FE /* DetailsVC.swift */,
				1D2917EF2B8A260700C5E4FE /* DamVC.swift */,
			);
			name = Controller;
			sourceTree = "<group>";
		};
		1D2917E22B89C6C400C5E4FE /* Supporting */ = {
			isa = PBXGroup;
			children = (
				1D6F41BF2A81108800055D87 /* AppDelegate.swift */,
				1D6F41C12A81108800055D87 /* SceneDelegate.swift */,
				1D6F41CB2A81108900055D87 /* Assets.xcassets */,
			);
			name = Supporting;
			sourceTree = "<group>";
		};
		1D2917E72B89E46E00C5E4FE /* CustomUI */ = {
			isa = PBXGroup;
			children = (
				1D2917E82B89E47E00C5E4FE /* EALabel.swift */,
				1D2917EA2B89E6D400C5E4FE /* EATitle.swift */,
			);
			name = CustomUI;
			sourceTree = "<group>";
		};
		1D2917EC2B89F20200C5E4FE /* Ext */ = {
			isa = PBXGroup;
			children = (
				1D2917ED2B89F21900C5E4FE /* UIViewController+Ext.swift */,
			);
			name = Ext;
			sourceTree = "<group>";
		};
		1D4EDFB82B7CF37500451EB1 /* Model */ = {
			isa = PBXGroup;
			children = (
				1D4EDFB92B7CF38500451EB1 /* Baraj.swift */,
				1DE29B902B876A0600A1993E /* OldData.swift */,
			);
			name = Model;
			sourceTree = "<group>";
		};
		1D6F41B32A81108700055D87 = {
			isa = PBXGroup;
			children = (
				1D9D7DA92B861E27006A1DD8 /* GoogleService-Info.plist */,
				1D6F41BE2A81108800055D87 /* baraj24 */,
				1D6F41D82A81108900055D87 /* baraj24Tests */,
				1D6F41E22A81108900055D87 /* baraj24UITests */,
				1D6F41BD2A81108800055D87 /* Products */,
				C9912C5E5F47BDF8F73B5558 /* Pods */,
				E74A08AB252E71B3762753A5 /* Frameworks */,
			);
			sourceTree = "<group>";
		};
		1D6F41BD2A81108800055D87 /* Products */ = {
			isa = PBXGroup;
			children = (
				1D6F41BC2A81108800055D87 /* baraj24.app */,
				1D6F41D52A81108900055D87 /* baraj24Tests.xctest */,
				1D6F41DF2A81108900055D87 /* baraj24UITests.xctest */,
			);
			name = Products;
			sourceTree = "<group>";
		};
		1D6F41BE2A81108800055D87 /* baraj24 */ = {
			isa = PBXGroup;
			children = (
				1D2917EC2B89F20200C5E4FE /* Ext */,
				1D2917E72B89E46E00C5E4FE /* CustomUI */,
				1D2917E22B89C6C400C5E4FE /* Supporting */,
				1D2917E12B89C6BB00C5E4FE /* Controller */,
				1D4EDFB82B7CF37500451EB1 /* Model */,
				1D6F41C32A81108800055D87 /* ViewController.swift */,
				1D6F41C52A81108800055D87 /* Main.storyboard */,
				1D63EB4B2A9A970F00C953A2 /* testViewController.swift */,
				1D781DF72A92A6EF00912EF4 /* ChartsViewController.swift */,
				1DB0998E2A8D3981007AFA30 /* MapsViewController.swift */,
				1D6F41F22A81121900055D87 /* cityPickVC.swift */,
				1D6F41CD2A81108900055D87 /* LaunchScreen.storyboard */,
				1D6F41D02A81108900055D87 /* Info.plist */,
				1D6F41C82A81108800055D87 /* baraj24.xcdatamodeld */,
			);
			path = baraj24;
			sourceTree = "<group>";
		};
		1D6F41D82A81108900055D87 /* baraj24Tests */ = {
			isa = PBXGroup;
			children = (
				1D6F41D92A81108900055D87 /* baraj24Tests.swift */,
			);
			path = baraj24Tests;
			sourceTree = "<group>";
		};
		1D6F41E22A81108900055D87 /* baraj24UITests */ = {
			isa = PBXGroup;
			children = (
				1D6F41E32A81108900055D87 /* baraj24UITests.swift */,
				1D6F41E52A81108900055D87 /* baraj24UITestsLaunchTests.swift */,
			);
			path = baraj24UITests;
			sourceTree = "<group>";
		};
		C9912C5E5F47BDF8F73B5558 /* Pods */ = {
			isa = PBXGroup;
			children = (
				CE28B7F575FF375DD585B559 /* Pods-baraj24.debug.xcconfig */,
				AE624747D2A273E93E5D863F /* Pods-baraj24.release.xcconfig */,
				86F87F4E9A35E257599C7483 /* Pods-baraj24-baraj24UITests.debug.xcconfig */,
				CCCF8EAAC062659231B14B05 /* Pods-baraj24-baraj24UITests.release.xcconfig */,
				D3A6D212E292B841469918D6 /* Pods-baraj24Tests.debug.xcconfig */,
				70D7B3D3467F60D5670CB0A4 /* Pods-baraj24Tests.release.xcconfig */,
			);
			path = Pods;
			sourceTree = "<group>";
		};
		E74A08AB252E71B3762753A5 /* Frameworks */ = {
			isa = PBXGroup;
			children = (
				EA978E0ABA66FD9DDF227FBF /* Pods_baraj24.framework */,
				3CE185D26BDB343FC34D89B1 /* Pods_baraj24_baraj24UITests.framework */,
				B9A090E4605FB3EDA41470A3 /* Pods_baraj24Tests.framework */,
			);
			name = Frameworks;
			sourceTree = "<group>";
		};
/* End PBXGroup section */

/* Begin PBXNativeTarget section */
		1D6F41BB2A81108700055D87 /* baraj24 */ = {
			isa = PBXNativeTarget;
			buildConfigurationList = 1D6F41E92A81108900055D87 /* Build configuration list for PBXNativeTarget "baraj24" */;
			buildPhases = (
				6CF0FCDECDDEB780BB5A4116 /* [CP] Check Pods Manifest.lock */,
				1D6F41B82A81108700055D87 /* Sources */,
				1D6F41B92A81108700055D87 /* Frameworks */,
				1D6F41BA2A81108700055D87 /* Resources */,
				96D8C9CF4BABC014780CBEDA /* [CP] Embed Pods Frameworks */,
			);
			buildRules = (
			);
			dependencies = (
			);
			name = baraj24;
			packageProductDependencies = (
				1D9D7D9D2B861B96006A1DD8 /* FirebaseDatabase */,
				1D9D7D9F2B861B96006A1DD8 /* FirebaseDatabaseSwift */,
				1D9D7DA12B861B96006A1DD8 /* FirebaseFirestore */,
				1D9D7DA32B861B96006A1DD8 /* FirebaseFirestoreCombine-Community */,
				1D9D7DA52B861B96006A1DD8 /* FirebaseFirestoreSwift */,
			);
			productName = baraj24;
			productReference = 1D6F41BC2A81108800055D87 /* baraj24.app */;
			productType = "com.apple.product-type.application";
		};
		1D6F41D42A81108900055D87 /* baraj24Tests */ = {
			isa = PBXNativeTarget;
			buildConfigurationList = 1D6F41EC2A81108900055D87 /* Build configuration list for PBXNativeTarget "baraj24Tests" */;
			buildPhases = (
				4DF906316E8EE84EC6279248 /* [CP] Check Pods Manifest.lock */,
				1D6F41D12A81108900055D87 /* Sources */,
				1D6F41D22A81108900055D87 /* Frameworks */,
				1D6F41D32A81108900055D87 /* Resources */,
			);
			buildRules = (
			);
			dependencies = (
				1D6F41D72A81108900055D87 /* PBXTargetDependency */,
			);
			name = baraj24Tests;
			productName = baraj24Tests;
			productReference = 1D6F41D52A81108900055D87 /* baraj24Tests.xctest */;
			productType = "com.apple.product-type.bundle.unit-test";
		};
		1D6F41DE2A81108900055D87 /* baraj24UITests */ = {
			isa = PBXNativeTarget;
			buildConfigurationList = 1D6F41EF2A81108900055D87 /* Build configuration list for PBXNativeTarget "baraj24UITests" */;
			buildPhases = (
				465187D1C5BB87D0BCAF30D2 /* [CP] Check Pods Manifest.lock */,
				1D6F41DB2A81108900055D87 /* Sources */,
				1D6F41DC2A81108900055D87 /* Frameworks */,
				1D6F41DD2A81108900055D87 /* Resources */,
				28665EAB2983A7D79B010ABE /* [CP] Embed Pods Frameworks */,
			);
			buildRules = (
			);
			dependencies = (
				1D6F41E12A81108900055D87 /* PBXTargetDependency */,
			);
			name = baraj24UITests;
			productName = baraj24UITests;
			productReference = 1D6F41DF2A81108900055D87 /* baraj24UITests.xctest */;
			productType = "com.apple.product-type.bundle.ui-testing";
		};
/* End PBXNativeTarget section */

/* Begin PBXProject section */
		1D6F41B42A81108700055D87 /* Project object */ = {
			isa = PBXProject;
			attributes = {
				BuildIndependentTargetsInParallel = 1;
				LastSwiftUpdateCheck = 1430;
				LastUpgradeCheck = 1430;
				TargetAttributes = {
					1D6F41BB2A81108700055D87 = {
						CreatedOnToolsVersion = 14.3.1;
					};
					1D6F41D42A81108900055D87 = {
						CreatedOnToolsVersion = 14.3.1;
						TestTargetID = 1D6F41BB2A81108700055D87;
					};
					1D6F41DE2A81108900055D87 = {
						CreatedOnToolsVersion = 14.3.1;
						TestTargetID = 1D6F41BB2A81108700055D87;
					};
				};
			};
			buildConfigurationList = 1D6F41B72A81108700055D87 /* Build configuration list for PBXProject "baraj24" */;
			compatibilityVersion = "Xcode 14.0";
			developmentRegion = en;
			hasScannedForEncodings = 0;
			knownRegions = (
				en,
				Base,
			);
			mainGroup = 1D6F41B32A81108700055D87;
			packageReferences = (
				1D9D7D9C2B861B2C006A1DD8 /* XCRemoteSwiftPackageReference "firebase-ios-sdk" */,
			);
			productRefGroup = 1D6F41BD2A81108800055D87 /* Products */;
			projectDirPath = "";
			projectRoot = "";
			targets = (
				1D6F41BB2A81108700055D87 /* baraj24 */,
				1D6F41D42A81108900055D87 /* baraj24Tests */,
				1D6F41DE2A81108900055D87 /* baraj24UITests */,
			);
		};
/* End PBXProject section */

/* Begin PBXResourcesBuildPhase section */
		1D6F41BA2A81108700055D87 /* Resources */ = {
			isa = PBXResourcesBuildPhase;
			buildActionMask = 2147483647;
			files = (
				1D6F41CF2A81108900055D87 /* LaunchScreen.storyboard in Resources */,
				1D6F41CC2A81108900055D87 /* Assets.xcassets in Resources */,
				1D9D7DAA2B861E28006A1DD8 /* GoogleService-Info.plist in Resources */,
				1D6F41C72A81108800055D87 /* Main.storyboard in Resources */,
			);
			runOnlyForDeploymentPostprocessing = 0;
		};
		1D6F41D32A81108900055D87 /* Resources */ = {
			isa = PBXResourcesBuildPhase;
			buildActionMask = 2147483647;
			files = (
			);
			runOnlyForDeploymentPostprocessing = 0;
		};
		1D6F41DD2A81108900055D87 /* Resources */ = {
			isa = PBXResourcesBuildPhase;
			buildActionMask = 2147483647;
			files = (
			);
			runOnlyForDeploymentPostprocessing = 0;
		};
/* End PBXResourcesBuildPhase section */

/* Begin PBXShellScriptBuildPhase section */
		28665EAB2983A7D79B010ABE /* [CP] Embed Pods Frameworks */ = {
			isa = PBXShellScriptBuildPhase;
			buildActionMask = 2147483647;
			files = (
			);
			inputFileListPaths = (
				"${PODS_ROOT}/Target Support Files/Pods-baraj24-baraj24UITests/Pods-baraj24-baraj24UITests-frameworks-${CONFIGURATION}-input-files.xcfilelist",
			);
			name = "[CP] Embed Pods Frameworks";
			outputFileListPaths = (
				"${PODS_ROOT}/Target Support Files/Pods-baraj24-baraj24UITests/Pods-baraj24-baraj24UITests-frameworks-${CONFIGURATION}-output-files.xcfilelist",
			);
			runOnlyForDeploymentPostprocessing = 0;
			shellPath = /bin/sh;
			shellScript = "\"${PODS_ROOT}/Target Support Files/Pods-baraj24-baraj24UITests/Pods-baraj24-baraj24UITests-frameworks.sh\"\n";
			showEnvVarsInLog = 0;
		};
		465187D1C5BB87D0BCAF30D2 /* [CP] Check Pods Manifest.lock */ = {
			isa = PBXShellScriptBuildPhase;
			buildActionMask = 2147483647;
			files = (
			);
			inputFileListPaths = (
			);
			inputPaths = (
				"${PODS_PODFILE_DIR_PATH}/Podfile.lock",
				"${PODS_ROOT}/Manifest.lock",
			);
			name = "[CP] Check Pods Manifest.lock";
			outputFileListPaths = (
			);
			outputPaths = (
				"$(DERIVED_FILE_DIR)/Pods-baraj24-baraj24UITests-checkManifestLockResult.txt",
			);
			runOnlyForDeploymentPostprocessing = 0;
			shellPath = /bin/sh;
			shellScript = "diff \"${PODS_PODFILE_DIR_PATH}/Podfile.lock\" \"${PODS_ROOT}/Manifest.lock\" > /dev/null\nif [ $? != 0 ] ; then\n    # print error to STDERR\n    echo \"error: The sandbox is not in sync with the Podfile.lock. Run 'pod install' or update your CocoaPods installation.\" >&2\n    exit 1\nfi\n# This output is used by Xcode 'outputs' to avoid re-running this script phase.\necho \"SUCCESS\" > \"${SCRIPT_OUTPUT_FILE_0}\"\n";
			showEnvVarsInLog = 0;
		};
		4DF906316E8EE84EC6279248 /* [CP] Check Pods Manifest.lock */ = {
			isa = PBXShellScriptBuildPhase;
			buildActionMask = 2147483647;
			files = (
			);
			inputFileListPaths = (
			);
			inputPaths = (
				"${PODS_PODFILE_DIR_PATH}/Podfile.lock",
				"${PODS_ROOT}/Manifest.lock",
			);
			name = "[CP] Check Pods Manifest.lock";
			outputFileListPaths = (
			);
			outputPaths = (
				"$(DERIVED_FILE_DIR)/Pods-baraj24Tests-checkManifestLockResult.txt",
			);
			runOnlyForDeploymentPostprocessing = 0;
			shellPath = /bin/sh;
			shellScript = "diff \"${PODS_PODFILE_DIR_PATH}/Podfile.lock\" \"${PODS_ROOT}/Manifest.lock\" > /dev/null\nif [ $? != 0 ] ; then\n    # print error to STDERR\n    echo \"error: The sandbox is not in sync with the Podfile.lock. Run 'pod install' or update your CocoaPods installation.\" >&2\n    exit 1\nfi\n# This output is used by Xcode 'outputs' to avoid re-running this script phase.\necho \"SUCCESS\" > \"${SCRIPT_OUTPUT_FILE_0}\"\n";
			showEnvVarsInLog = 0;
		};
		6CF0FCDECDDEB780BB5A4116 /* [CP] Check Pods Manifest.lock */ = {
			isa = PBXShellScriptBuildPhase;
			buildActionMask = 2147483647;
			files = (
			);
			inputFileListPaths = (
			);
			inputPaths = (
				"${PODS_PODFILE_DIR_PATH}/Podfile.lock",
				"${PODS_ROOT}/Manifest.lock",
			);
			name = "[CP] Check Pods Manifest.lock";
			outputFileListPaths = (
			);
			outputPaths = (
				"$(DERIVED_FILE_DIR)/Pods-baraj24-checkManifestLockResult.txt",
			);
			runOnlyForDeploymentPostprocessing = 0;
			shellPath = /bin/sh;
			shellScript = "diff \"${PODS_PODFILE_DIR_PATH}/Podfile.lock\" \"${PODS_ROOT}/Manifest.lock\" > /dev/null\nif [ $? != 0 ] ; then\n    # print error to STDERR\n    echo \"error: The sandbox is not in sync with the Podfile.lock. Run 'pod install' or update your CocoaPods installation.\" >&2\n    exit 1\nfi\n# This output is used by Xcode 'outputs' to avoid re-running this script phase.\necho \"SUCCESS\" > \"${SCRIPT_OUTPUT_FILE_0}\"\n";
			showEnvVarsInLog = 0;
		};
		96D8C9CF4BABC014780CBEDA /* [CP] Embed Pods Frameworks */ = {
			isa = PBXShellScriptBuildPhase;
			buildActionMask = 2147483647;
			files = (
			);
			inputFileListPaths = (
				"${PODS_ROOT}/Target Support Files/Pods-baraj24/Pods-baraj24-frameworks-${CONFIGURATION}-input-files.xcfilelist",
			);
			name = "[CP] Embed Pods Frameworks";
			outputFileListPaths = (
				"${PODS_ROOT}/Target Support Files/Pods-baraj24/Pods-baraj24-frameworks-${CONFIGURATION}-output-files.xcfilelist",
			);
			runOnlyForDeploymentPostprocessing = 0;
			shellPath = /bin/sh;
			shellScript = "\"${PODS_ROOT}/Target Support Files/Pods-baraj24/Pods-baraj24-frameworks.sh\"\n";
			showEnvVarsInLog = 0;
		};
/* End PBXShellScriptBuildPhase section */

/* Begin PBXSourcesBuildPhase section */
		1D6F41B82A81108700055D87 /* Sources */ = {
			isa = PBXSourcesBuildPhase;
			buildActionMask = 2147483647;
			files = (
				1D6F41F32A81121A00055D87 /* cityPickVC.swift in Sources */,
				1D2917F02B8A260700C5E4FE /* DamVC.swift in Sources */,
				1D2917E62B89D29900C5E4FE /* DetailsVC.swift in Sources */,
				1D2917EE2B89F21900C5E4FE /* UIViewController+Ext.swift in Sources */,
				1D2917EB2B89E6D400C5E4FE /* EATitle.swift in Sources */,
				1D6F41C42A81108800055D87 /* ViewController.swift in Sources */,
				1D63EB4C2A9A970F00C953A2 /* testViewController.swift in Sources */,
				1D6F41C02A81108800055D87 /* AppDelegate.swift in Sources */,
				1D2917E92B89E47E00C5E4FE /* EALabel.swift in Sources */,
				1DB0998F2A8D3981007AFA30 /* MapsViewController.swift in Sources */,
				1DE29B912B876A0600A1993E /* OldData.swift in Sources */,
				1D6F41CA2A81108800055D87 /* baraj24.xcdatamodeld in Sources */,
				1D4EDFBA2B7CF38500451EB1 /* Baraj.swift in Sources */,
				1D781DF82A92A6EF00912EF4 /* ChartsViewController.swift in Sources */,
				1D6F41C22A81108800055D87 /* SceneDelegate.swift in Sources */,
				1D2917E42B89C7A300C5E4FE /* PickCityVC.swift in Sources */,
			);
			runOnlyForDeploymentPostprocessing = 0;
		};
		1D6F41D12A81108900055D87 /* Sources */ = {
			isa = PBXSourcesBuildPhase;
			buildActionMask = 2147483647;
			files = (
				1D6F41DA2A81108900055D87 /* baraj24Tests.swift in Sources */,
			);
			runOnlyForDeploymentPostprocessing = 0;
		};
		1D6F41DB2A81108900055D87 /* Sources */ = {
			isa = PBXSourcesBuildPhase;
			buildActionMask = 2147483647;
			files = (
				1D6F41E42A81108900055D87 /* baraj24UITests.swift in Sources */,
				1D6F41E62A81108900055D87 /* baraj24UITestsLaunchTests.swift in Sources */,
			);
			runOnlyForDeploymentPostprocessing = 0;
		};
/* End PBXSourcesBuildPhase section */

/* Begin PBXTargetDependency section */
		1D6F41D72A81108900055D87 /* PBXTargetDependency */ = {
			isa = PBXTargetDependency;
			target = 1D6F41BB2A81108700055D87 /* baraj24 */;
			targetProxy = 1D6F41D62A81108900055D87 /* PBXContainerItemProxy */;
		};
		1D6F41E12A81108900055D87 /* PBXTargetDependency */ = {
			isa = PBXTargetDependency;
			target = 1D6F41BB2A81108700055D87 /* baraj24 */;
			targetProxy = 1D6F41E02A81108900055D87 /* PBXContainerItemProxy */;
		};
/* End PBXTargetDependency section */

/* Begin PBXVariantGroup section */
		1D6F41C52A81108800055D87 /* Main.storyboard */ = {
			isa = PBXVariantGroup;
			children = (
				1D6F41C62A81108800055D87 /* Base */,
			);
			name = Main.storyboard;
			sourceTree = "<group>";
		};
		1D6F41CD2A81108900055D87 /* LaunchScreen.storyboard */ = {
			isa = PBXVariantGroup;
			children = (
				1D6F41CE2A81108900055D87 /* Base */,
			);
			name = LaunchScreen.storyboard;
			sourceTree = "<group>";
		};
/* End PBXVariantGroup section */

/* Begin XCBuildConfiguration section */
		1D6F41E72A81108900055D87 /* Debug */ = {
			isa = XCBuildConfiguration;
			buildSettings = {
				ALWAYS_SEARCH_USER_PATHS = NO;
				CLANG_ANALYZER_NONNULL = YES;
				CLANG_ANALYZER_NUMBER_OBJECT_CONVERSION = YES_AGGRESSIVE;
				CLANG_CXX_LANGUAGE_STANDARD = "gnu++20";
				CLANG_ENABLE_MODULES = YES;
				CLANG_ENABLE_OBJC_ARC = YES;
				CLANG_ENABLE_OBJC_WEAK = YES;
				CLANG_WARN_BLOCK_CAPTURE_AUTORELEASING = YES;
				CLANG_WARN_BOOL_CONVERSION = YES;
				CLANG_WARN_COMMA = YES;
				CLANG_WARN_CONSTANT_CONVERSION = YES;
				CLANG_WARN_DEPRECATED_OBJC_IMPLEMENTATIONS = YES;
				CLANG_WARN_DIRECT_OBJC_ISA_USAGE = YES_ERROR;
				CLANG_WARN_DOCUMENTATION_COMMENTS = YES;
				CLANG_WARN_EMPTY_BODY = YES;
				CLANG_WARN_ENUM_CONVERSION = YES;
				CLANG_WARN_INFINITE_RECURSION = YES;
				CLANG_WARN_INT_CONVERSION = YES;
				CLANG_WARN_NON_LITERAL_NULL_CONVERSION = YES;
				CLANG_WARN_OBJC_IMPLICIT_RETAIN_SELF = YES;
				CLANG_WARN_OBJC_LITERAL_CONVERSION = YES;
				CLANG_WARN_OBJC_ROOT_CLASS = YES_ERROR;
				CLANG_WARN_QUOTED_INCLUDE_IN_FRAMEWORK_HEADER = YES;
				CLANG_WARN_RANGE_LOOP_ANALYSIS = YES;
				CLANG_WARN_STRICT_PROTOTYPES = YES;
				CLANG_WARN_SUSPICIOUS_MOVE = YES;
				CLANG_WARN_UNGUARDED_AVAILABILITY = YES_AGGRESSIVE;
				CLANG_WARN_UNREACHABLE_CODE = YES;
				CLANG_WARN__DUPLICATE_METHOD_MATCH = YES;
				COPY_PHASE_STRIP = NO;
				DEBUG_INFORMATION_FORMAT = dwarf;
				ENABLE_STRICT_OBJC_MSGSEND = YES;
				ENABLE_TESTABILITY = YES;
				GCC_C_LANGUAGE_STANDARD = gnu11;
				GCC_DYNAMIC_NO_PIC = NO;
				GCC_NO_COMMON_BLOCKS = YES;
				GCC_OPTIMIZATION_LEVEL = 0;
				GCC_PREPROCESSOR_DEFINITIONS = (
					"DEBUG=1",
					"$(inherited)",
				);
				GCC_WARN_64_TO_32_BIT_CONVERSION = YES;
				GCC_WARN_ABOUT_RETURN_TYPE = YES_ERROR;
				GCC_WARN_UNDECLARED_SELECTOR = YES;
				GCC_WARN_UNINITIALIZED_AUTOS = YES_AGGRESSIVE;
				GCC_WARN_UNUSED_FUNCTION = YES;
				GCC_WARN_UNUSED_VARIABLE = YES;
				IPHONEOS_DEPLOYMENT_TARGET = 12.0;
				MTL_ENABLE_DEBUG_INFO = INCLUDE_SOURCE;
				MTL_FAST_MATH = YES;
				ONLY_ACTIVE_ARCH = YES;
				SDKROOT = iphoneos;
				SWIFT_ACTIVE_COMPILATION_CONDITIONS = DEBUG;
				SWIFT_OPTIMIZATION_LEVEL = "-Onone";
			};
			name = Debug;
		};
		1D6F41E82A81108900055D87 /* Release */ = {
			isa = XCBuildConfiguration;
			buildSettings = {
				ALWAYS_SEARCH_USER_PATHS = NO;
				CLANG_ANALYZER_NONNULL = YES;
				CLANG_ANALYZER_NUMBER_OBJECT_CONVERSION = YES_AGGRESSIVE;
				CLANG_CXX_LANGUAGE_STANDARD = "gnu++20";
				CLANG_ENABLE_MODULES = YES;
				CLANG_ENABLE_OBJC_ARC = YES;
				CLANG_ENABLE_OBJC_WEAK = YES;
				CLANG_WARN_BLOCK_CAPTURE_AUTORELEASING = YES;
				CLANG_WARN_BOOL_CONVERSION = YES;
				CLANG_WARN_COMMA = YES;
				CLANG_WARN_CONSTANT_CONVERSION = YES;
				CLANG_WARN_DEPRECATED_OBJC_IMPLEMENTATIONS = YES;
				CLANG_WARN_DIRECT_OBJC_ISA_USAGE = YES_ERROR;
				CLANG_WARN_DOCUMENTATION_COMMENTS = YES;
				CLANG_WARN_EMPTY_BODY = YES;
				CLANG_WARN_ENUM_CONVERSION = YES;
				CLANG_WARN_INFINITE_RECURSION = YES;
				CLANG_WARN_INT_CONVERSION = YES;
				CLANG_WARN_NON_LITERAL_NULL_CONVERSION = YES;
				CLANG_WARN_OBJC_IMPLICIT_RETAIN_SELF = YES;
				CLANG_WARN_OBJC_LITERAL_CONVERSION = YES;
				CLANG_WARN_OBJC_ROOT_CLASS = YES_ERROR;
				CLANG_WARN_QUOTED_INCLUDE_IN_FRAMEWORK_HEADER = YES;
				CLANG_WARN_RANGE_LOOP_ANALYSIS = YES;
				CLANG_WARN_STRICT_PROTOTYPES = YES;
				CLANG_WARN_SUSPICIOUS_MOVE = YES;
				CLANG_WARN_UNGUARDED_AVAILABILITY = YES_AGGRESSIVE;
				CLANG_WARN_UNREACHABLE_CODE = YES;
				CLANG_WARN__DUPLICATE_METHOD_MATCH = YES;
				COPY_PHASE_STRIP = NO;
				DEBUG_INFORMATION_FORMAT = "dwarf-with-dsym";
				ENABLE_NS_ASSERTIONS = NO;
				ENABLE_STRICT_OBJC_MSGSEND = YES;
				GCC_C_LANGUAGE_STANDARD = gnu11;
				GCC_NO_COMMON_BLOCKS = YES;
				GCC_WARN_64_TO_32_BIT_CONVERSION = YES;
				GCC_WARN_ABOUT_RETURN_TYPE = YES_ERROR;
				GCC_WARN_UNDECLARED_SELECTOR = YES;
				GCC_WARN_UNINITIALIZED_AUTOS = YES_AGGRESSIVE;
				GCC_WARN_UNUSED_FUNCTION = YES;
				GCC_WARN_UNUSED_VARIABLE = YES;
				IPHONEOS_DEPLOYMENT_TARGET = 12.0;
				MTL_ENABLE_DEBUG_INFO = NO;
				MTL_FAST_MATH = YES;
				SDKROOT = iphoneos;
				SWIFT_COMPILATION_MODE = wholemodule;
				SWIFT_OPTIMIZATION_LEVEL = "-O";
				VALIDATE_PRODUCT = YES;
			};
			name = Release;
		};
		1D6F41EA2A81108900055D87 /* Debug */ = {
			isa = XCBuildConfiguration;
			baseConfigurationReference = CE28B7F575FF375DD585B559 /* Pods-baraj24.debug.xcconfig */;
			buildSettings = {
				ASSETCATALOG_COMPILER_APPICON_NAME = AppIcon;
				ASSETCATALOG_COMPILER_GLOBAL_ACCENT_COLOR_NAME = AccentColor;
				CODE_SIGN_IDENTITY = "Apple Development";
				CODE_SIGN_STYLE = Automatic;
				CURRENT_PROJECT_VERSION = 1;
				DEVELOPMENT_TEAM = 4NVD8GK9BF;
				GENERATE_INFOPLIST_FILE = YES;
				INFOPLIST_FILE = baraj24/Info.plist;
				INFOPLIST_KEY_NSLocationWhenInUseUsageDescription = "Size en yakın barajları gösterebilmek için konum bilginize ihtiyaç duyuyoruz.";
				INFOPLIST_KEY_UIApplicationSupportsIndirectInputEvents = YES;
				INFOPLIST_KEY_UILaunchStoryboardName = LaunchScreen;
				INFOPLIST_KEY_UIMainStoryboardFile = Main;
				INFOPLIST_KEY_UISupportedInterfaceOrientations_iPad = "UIInterfaceOrientationPortrait UIInterfaceOrientationPortraitUpsideDown UIInterfaceOrientationLandscapeLeft UIInterfaceOrientationLandscapeRight";
				INFOPLIST_KEY_UISupportedInterfaceOrientations_iPhone = "UIInterfaceOrientationPortrait UIInterfaceOrientationLandscapeLeft UIInterfaceOrientationLandscapeRight";
				IPHONEOS_DEPLOYMENT_TARGET = 13.0;
				LD_RUNPATH_SEARCH_PATHS = (
					"$(inherited)",
					"@executable_path/Frameworks",
				);
				MARKETING_VERSION = 0.2.5;
				PRODUCT_BUNDLE_IDENTIFIER = com.emiraksu.baraj24Application1;
				PRODUCT_NAME = "$(TARGET_NAME)";
				PROVISIONING_PROFILE_SPECIFIER = "";
				SWIFT_EMIT_LOC_STRINGS = YES;
				SWIFT_VERSION = 5.0;
				TARGETED_DEVICE_FAMILY = "1,2";
			};
			name = Debug;
		};
		1D6F41EB2A81108900055D87 /* Release */ = {
			isa = XCBuildConfiguration;
			baseConfigurationReference = AE624747D2A273E93E5D863F /* Pods-baraj24.release.xcconfig */;
			buildSettings = {
				ASSETCATALOG_COMPILER_APPICON_NAME = AppIcon;
				ASSETCATALOG_COMPILER_GLOBAL_ACCENT_COLOR_NAME = AccentColor;
				CODE_SIGN_IDENTITY = "Apple Development";
				CODE_SIGN_STYLE = Automatic;
				CURRENT_PROJECT_VERSION = 1;
				DEVELOPMENT_TEAM = 4NVD8GK9BF;
				GENERATE_INFOPLIST_FILE = YES;
				INFOPLIST_FILE = baraj24/Info.plist;
				INFOPLIST_KEY_NSLocationWhenInUseUsageDescription = "Size en yakın barajları gösterebilmek için konum bilginize ihtiyaç duyuyoruz.";
				INFOPLIST_KEY_UIApplicationSupportsIndirectInputEvents = YES;
				INFOPLIST_KEY_UILaunchStoryboardName = LaunchScreen;
				INFOPLIST_KEY_UIMainStoryboardFile = Main;
				INFOPLIST_KEY_UISupportedInterfaceOrientations_iPad = "UIInterfaceOrientationPortrait UIInterfaceOrientationPortraitUpsideDown UIInterfaceOrientationLandscapeLeft UIInterfaceOrientationLandscapeRight";
				INFOPLIST_KEY_UISupportedInterfaceOrientations_iPhone = "UIInterfaceOrientationPortrait UIInterfaceOrientationLandscapeLeft UIInterfaceOrientationLandscapeRight";
				IPHONEOS_DEPLOYMENT_TARGET = 13.0;
				LD_RUNPATH_SEARCH_PATHS = (
					"$(inherited)",
					"@executable_path/Frameworks",
				);
				MARKETING_VERSION = 0.2.5;
				PRODUCT_BUNDLE_IDENTIFIER = com.emiraksu.baraj24Application1;
				PRODUCT_NAME = "$(TARGET_NAME)";
				PROVISIONING_PROFILE_SPECIFIER = "";
				SWIFT_EMIT_LOC_STRINGS = YES;
				SWIFT_VERSION = 5.0;
				TARGETED_DEVICE_FAMILY = "1,2";
			};
			name = Release;
		};
		1D6F41ED2A81108900055D87 /* Debug */ = {
			isa = XCBuildConfiguration;
			baseConfigurationReference = D3A6D212E292B841469918D6 /* Pods-baraj24Tests.debug.xcconfig */;
			buildSettings = {
				ALWAYS_EMBED_SWIFT_STANDARD_LIBRARIES = YES;
				BUNDLE_LOADER = "$(TEST_HOST)";
				CODE_SIGN_STYLE = Automatic;
				CURRENT_PROJECT_VERSION = 1;
				DEVELOPMENT_TEAM = 4NVD8GK9BF;
				GENERATE_INFOPLIST_FILE = YES;
				IPHONEOS_DEPLOYMENT_TARGET = 16.4;
				MARKETING_VERSION = 1.0;
				PRODUCT_BUNDLE_IDENTIFIER = com.emiraksu.baraj24Tests;
				PRODUCT_NAME = "$(TARGET_NAME)";
				SWIFT_EMIT_LOC_STRINGS = NO;
				SWIFT_VERSION = 5.0;
				TARGETED_DEVICE_FAMILY = "1,2";
				TEST_HOST = "$(BUILT_PRODUCTS_DIR)/baraj24.app/$(BUNDLE_EXECUTABLE_FOLDER_PATH)/baraj24";
			};
			name = Debug;
		};
		1D6F41EE2A81108900055D87 /* Release */ = {
			isa = XCBuildConfiguration;
			baseConfigurationReference = 70D7B3D3467F60D5670CB0A4 /* Pods-baraj24Tests.release.xcconfig */;
			buildSettings = {
				ALWAYS_EMBED_SWIFT_STANDARD_LIBRARIES = YES;
				BUNDLE_LOADER = "$(TEST_HOST)";
				CODE_SIGN_STYLE = Automatic;
				CURRENT_PROJECT_VERSION = 1;
				DEVELOPMENT_TEAM = 4NVD8GK9BF;
				GENERATE_INFOPLIST_FILE = YES;
				IPHONEOS_DEPLOYMENT_TARGET = 16.4;
				MARKETING_VERSION = 1.0;
				PRODUCT_BUNDLE_IDENTIFIER = com.emiraksu.baraj24Tests;
				PRODUCT_NAME = "$(TARGET_NAME)";
				SWIFT_EMIT_LOC_STRINGS = NO;
				SWIFT_VERSION = 5.0;
				TARGETED_DEVICE_FAMILY = "1,2";
				TEST_HOST = "$(BUILT_PRODUCTS_DIR)/baraj24.app/$(BUNDLE_EXECUTABLE_FOLDER_PATH)/baraj24";
			};
			name = Release;
		};
		1D6F41F02A81108900055D87 /* Debug */ = {
			isa = XCBuildConfiguration;
			baseConfigurationReference = 86F87F4E9A35E257599C7483 /* Pods-baraj24-baraj24UITests.debug.xcconfig */;
			buildSettings = {
				ALWAYS_EMBED_SWIFT_STANDARD_LIBRARIES = YES;
				CODE_SIGN_STYLE = Automatic;
				CURRENT_PROJECT_VERSION = 1;
				DEVELOPMENT_TEAM = 4NVD8GK9BF;
				GENERATE_INFOPLIST_FILE = YES;
				MARKETING_VERSION = 1.0;
				PRODUCT_BUNDLE_IDENTIFIER = com.emiraksu.baraj24UITests;
				PRODUCT_NAME = "$(TARGET_NAME)";
				SWIFT_EMIT_LOC_STRINGS = NO;
				SWIFT_VERSION = 5.0;
				TARGETED_DEVICE_FAMILY = "1,2";
				TEST_TARGET_NAME = baraj24;
			};
			name = Debug;
		};
		1D6F41F12A81108900055D87 /* Release */ = {
			isa = XCBuildConfiguration;
			baseConfigurationReference = CCCF8EAAC062659231B14B05 /* Pods-baraj24-baraj24UITests.release.xcconfig */;
			buildSettings = {
				ALWAYS_EMBED_SWIFT_STANDARD_LIBRARIES = YES;
				CODE_SIGN_STYLE = Automatic;
				CURRENT_PROJECT_VERSION = 1;
				DEVELOPMENT_TEAM = 4NVD8GK9BF;
				GENERATE_INFOPLIST_FILE = YES;
				MARKETING_VERSION = 1.0;
				PRODUCT_BUNDLE_IDENTIFIER = com.emiraksu.baraj24UITests;
				PRODUCT_NAME = "$(TARGET_NAME)";
				SWIFT_EMIT_LOC_STRINGS = NO;
				SWIFT_VERSION = 5.0;
				TARGETED_DEVICE_FAMILY = "1,2";
				TEST_TARGET_NAME = baraj24;
			};
			name = Release;
		};
/* End XCBuildConfiguration section */

/* Begin XCConfigurationList section */
		1D6F41B72A81108700055D87 /* Build configuration list for PBXProject "baraj24" */ = {
			isa = XCConfigurationList;
			buildConfigurations = (
				1D6F41E72A81108900055D87 /* Debug */,
				1D6F41E82A81108900055D87 /* Release */,
			);
			defaultConfigurationIsVisible = 0;
			defaultConfigurationName = Release;
		};
		1D6F41E92A81108900055D87 /* Build configuration list for PBXNativeTarget "baraj24" */ = {
			isa = XCConfigurationList;
			buildConfigurations = (
				1D6F41EA2A81108900055D87 /* Debug */,
				1D6F41EB2A81108900055D87 /* Release */,
			);
			defaultConfigurationIsVisible = 0;
			defaultConfigurationName = Release;
		};
		1D6F41EC2A81108900055D87 /* Build configuration list for PBXNativeTarget "baraj24Tests" */ = {
			isa = XCConfigurationList;
			buildConfigurations = (
				1D6F41ED2A81108900055D87 /* Debug */,
				1D6F41EE2A81108900055D87 /* Release */,
			);
			defaultConfigurationIsVisible = 0;
			defaultConfigurationName = Release;
		};
		1D6F41EF2A81108900055D87 /* Build configuration list for PBXNativeTarget "baraj24UITests" */ = {
			isa = XCConfigurationList;
			buildConfigurations = (
				1D6F41F02A81108900055D87 /* Debug */,
				1D6F41F12A81108900055D87 /* Release */,
			);
			defaultConfigurationIsVisible = 0;
			defaultConfigurationName = Release;
		};
/* End XCConfigurationList section */

/* Begin XCRemoteSwiftPackageReference section */
		1D9D7D9C2B861B2C006A1DD8 /* XCRemoteSwiftPackageReference "firebase-ios-sdk" */ = {
			isa = XCRemoteSwiftPackageReference;
			repositoryURL = "https://github.com/firebase/firebase-ios-sdk";
			requirement = {
				kind = upToNextMajorVersion;
				minimumVersion = 10.21.0;
			};
		};
/* End XCRemoteSwiftPackageReference section */

/* Begin XCSwiftPackageProductDependency section */
		1D9D7D9D2B861B96006A1DD8 /* FirebaseDatabase */ = {
			isa = XCSwiftPackageProductDependency;
			package = 1D9D7D9C2B861B2C006A1DD8 /* XCRemoteSwiftPackageReference "firebase-ios-sdk" */;
			productName = FirebaseDatabase;
		};
		1D9D7D9F2B861B96006A1DD8 /* FirebaseDatabaseSwift */ = {
			isa = XCSwiftPackageProductDependency;
			package = 1D9D7D9C2B861B2C006A1DD8 /* XCRemoteSwiftPackageReference "firebase-ios-sdk" */;
			productName = FirebaseDatabaseSwift;
		};
		1D9D7DA12B861B96006A1DD8 /* FirebaseFirestore */ = {
			isa = XCSwiftPackageProductDependency;
			package = 1D9D7D9C2B861B2C006A1DD8 /* XCRemoteSwiftPackageReference "firebase-ios-sdk" */;
			productName = FirebaseFirestore;
		};
		1D9D7DA32B861B96006A1DD8 /* FirebaseFirestoreCombine-Community */ = {
			isa = XCSwiftPackageProductDependency;
			package = 1D9D7D9C2B861B2C006A1DD8 /* XCRemoteSwiftPackageReference "firebase-ios-sdk" */;
			productName = "FirebaseFirestoreCombine-Community";
		};
		1D9D7DA52B861B96006A1DD8 /* FirebaseFirestoreSwift */ = {
			isa = XCSwiftPackageProductDependency;
			package = 1D9D7D9C2B861B2C006A1DD8 /* XCRemoteSwiftPackageReference "firebase-ios-sdk" */;
			productName = FirebaseFirestoreSwift;
		};
/* End XCSwiftPackageProductDependency section */

/* Begin XCVersionGroup section */
		1D6F41C82A81108800055D87 /* baraj24.xcdatamodeld */ = {
			isa = XCVersionGroup;
			children = (
				1D6F41C92A81108800055D87 /* baraj24.xcdatamodel */,
			);
			currentVersion = 1D6F41C92A81108800055D87 /* baraj24.xcdatamodel */;
			path = baraj24.xcdatamodeld;
			sourceTree = "<group>";
			versionGroupType = wrapper.xcdatamodel;
		};
/* End XCVersionGroup section */
	};
	rootObject = 1D6F41B42A81108700055D87 /* Project object */;
}
